
Microsoft Visual Studio Solution File, Format Version 12.00
# Visual Studio Version 16
VisualStudioVersion = 16.0.31424.327
MinimumVisualStudioVersion = 10.0.40219.1
Project("{FAE04EC0-301F-11D3-BF4B-00C04F79EFBC}") = "SpawnMigration", "SpawnMigration\SpawnMigration.csproj", "{A2DDBE99-5082-4D36-A19F-A5E2F27D4306}"
EndProject
Global
	GlobalSection(SolutionConfigurationPlatforms) = preSolution
		Debug|Any CPU = Debug|Any CPU
		Release|Any CPU = Release|Any CPU
	EndGlobalSection
	GlobalSection(ProjectConfigurationPlatforms) = postSolution
		{A2DDBE99-5082-4D36-A19F-A5E2F27D4306}.Debug|Any CPU.ActiveCfg = Debug|Any CPU
		{A2DDBE99-5082-4D36-A19F-A5E2F27D4306}.Debug|Any CPU.Build.0 = Debug|Any CPU
		{A2DDBE99-5082-4D36-A19F-A5E2F27D4306}.Release|Any CPU.ActiveCfg = Release|Any CPU
		{A2DDBE99-5082-4D36-A19F-A5E2F27D4306}.Release|Any CPU.Build.0 = Release|Any CPU
	EndGlobalSection
	GlobalSection(SolutionProperties) = preSolution
		HideSolutionNode = FALSE
	EndGlobalSection
	GlobalSection(ExtensibilityGlobals) = postSolution
		SolutionGuid = {345803C9-6A5A-428A-8809-8B9D72776AAD}
	EndGlobalSection
EndGlobal
